
Microsoft Visual Studio Solution File, Format Version 12.00
# Visual Studio Version 17
VisualStudioVersion = 17.3.32825.248
MinimumVisualStudioVersion = 10.0.40219.1
Project("{FAE04EC0-301F-11D3-BF4B-00C04F79EFBC}") = "UMLEditor2.0", "UMLEditor2.0\UMLEditor2.0.csproj", "{14B80FC5-9D53-4C83-B9EF-3255FF2CC92F}"
EndProject
Global
	GlobalSection(SolutionConfigurationPlatforms) = preSolution
		Debug|Any CPU = Debug|Any CPU
		Release|Any CPU = Release|Any CPU
	EndGlobalSection
	GlobalSection(ProjectConfigurationPlatforms) = postSolution
		{14B80FC5-9D53-4C83-B9EF-3255FF2CC92F}.Debug|Any CPU.ActiveCfg = Debug|Any CPU
		{14B80FC5-9D53-4C83-B9EF-3255FF2CC92F}.Debug|Any CPU.Build.0 = Debug|Any CPU
		{14B80FC5-9D53-4C83-B9EF-3255FF2CC92F}.Release|Any CPU.ActiveCfg = Release|Any CPU
		{14B80FC5-9D53-4C83-B9EF-3255FF2CC92F}.Release|Any CPU.Build.0 = Release|Any CPU
	EndGlobalSection
	GlobalSection(SolutionProperties) = preSolution
		HideSolutionNode = FALSE
	EndGlobalSection
	GlobalSection(ExtensibilityGlobals) = postSolution
		SolutionGuid = {22325D9E-AFF2-4C80-8BB6-CFBF03B3CE43}
	EndGlobalSection
EndGlobal
